// !$*UTF8*$!
{
	archiveVersion = 1;
	classes = {
	};
	objectVersion = 46;
	objects = {

/* Begin PBXBuildFile section */
		AA083AEE1DB569FD00077AF5 /* AppDelegate.swift in Sources */ = {isa = PBXBuildFile; fileRef = AA083AED1DB569FD00077AF5 /* AppDelegate.swift */; };
		AA083AF01DB569FD00077AF5 /* ViewController.swift in Sources */ = {isa = PBXBuildFile; fileRef = AA083AEF1DB569FD00077AF5 /* ViewController.swift */; };
		AA083AF31DB569FD00077AF5 /* Main.storyboard in Resources */ = {isa = PBXBuildFile; fileRef = AA083AF11DB569FD00077AF5 /* Main.storyboard */; };
		AA083AF51DB569FD00077AF5 /* Assets.xcassets in Resources */ = {isa = PBXBuildFile; fileRef = AA083AF41DB569FD00077AF5 /* Assets.xcassets */; };
		AA083AF81DB569FD00077AF5 /* LaunchScreen.storyboard in Resources */ = {isa = PBXBuildFile; fileRef = AA083AF61DB569FD00077AF5 /* LaunchScreen.storyboard */; };
/* End PBXBuildFile section */

/* Begin PBXFileReference section */
		AA083AEA1DB569FD00077AF5 /* App3PruebaGit.app */ = {isa = PBXFileReference; explicitFileType = wrapper.application; includeInIndex = 0; path = App3PruebaGit.app; sourceTree = BUILT_PRODUCTS_DIR; };
		AA083AED1DB569FD00077AF5 /* AppDelegate.swift */ = {isa = PBXFileReference; lastKnownFileType = sourcecode.swift; path = AppDelegate.swift; sourceTree = "<group>"; };
		AA083AEF1DB569FD00077AF5 /* ViewController.swift */ = {isa = PBXFileReference; lastKnownFileType = sourcecode.swift; path = ViewController.swift; sourceTree = "<group>"; };
		AA083AF21DB569FD00077AF5 /* Base */ = {isa = PBXFileReference; lastKnownFileType = file.storyboard; name = Base; path = Base.lproj/Main.storyboard; sourceTree = "<group>"; };
		AA083AF41DB569FD00077AF5 /* Assets.xcassets */ = {isa = PBXFileReference; lastKnownFileType = folder.assetcatalog; path = Assets.xcassets; sourceTree = "<group>"; };
		AA083AF71DB569FD00077AF5 /* Base */ = {isa = PBXFileReference; lastKnownFileType = file.storyboard; name = Base; path = Base.lproj/LaunchScreen.storyboard; sourceTree = "<group>"; };
		AA083AF91DB569FD00077AF5 /* Info.plist */ = {isa = PBXFileReference; lastKnownFileType = text.plist.xml; path = Info.plist; sourceTree = "<group>"; };
/* End PBXFileReference section */

/* Begin PBXFrameworksBuildPhase section */
		AA083AE71DB569FD00077AF5 /* Frameworks */ = {
			isa = PBXFrameworksBuildPhase;
			buildActionMask = 2147483647;
			files = (
			);
			runOnlyForDeploymentPostprocessing = 0;
		};
/* End PBXFrameworksBuildPhase section */

/* Begin PBXGroup section */
		AA083AE11DB569FD00077AF5 = {
			isa = PBXGroup;
			children = (
				AA083AEC1DB569FD00077AF5 /* App3PruebaGit */,
				AA083AEB1DB569FD00077AF5 /* Products */,
			);
			sourceTree = "<group>";
		};
		AA083AEB1DB569FD00077AF5 /* Products */ = {
			isa = PBXGroup;
			children = (
				AA083AEA1DB569FD00077AF5 /* App3PruebaGit.app */,
			);
			name = Products;
			sourceTree = "<group>";
		};
		AA083AEC1DB569FD00077AF5 /* App3PruebaGit */ = {
			isa = PBXGroup;
			children = (
				AA083AED1DB569FD00077AF5 /* AppDelegate.swift */,
				AA083AEF1DB569FD00077AF5 /* ViewController.swift */,
				AA083AF11DB569FD00077AF5 /* Main.storyboard */,
				AA083AF41DB569FD00077AF5 /* Assets.xcassets */,
				AA083AF61DB569FD00077AF5 /* LaunchScreen.storyboard */,
				AA083AF91DB569FD00077AF5 /* Info.plist */,
			);
			path = App3PruebaGit;
			sourceTree = "<group>";
		};
/* End PBXGroup section */

/* Begin PBXNativeTarget section */
		AA083AE91DB569FD00077AF5 /* App3PruebaGit */ = {
			isa = PBXNativeTarget;
			buildConfigurationList = AA083AFC1DB569FD00077AF5 /* Build configuration list for PBXNativeTarget "App3PruebaGit" */;
			buildPhases = (
				AA083AE61DB569FD00077AF5 /* Sources */,
				AA083AE71DB569FD00077AF5 /* Frameworks */,
				AA083AE81DB569FD00077AF5 /* Resources */,
			);
			buildRules = (
			);
			dependencies = (
			);
			name = App3PruebaGit;
			productName = App3PruebaGit;
			productReference = AA083AEA1DB569FD00077AF5 /* App3PruebaGit.app */;
			productType = "com.apple.product-type.application";
		};
/* End PBXNativeTarget section */

/* Begin PBXProject section */
		AA083AE21DB569FD00077AF5 /* Project object */ = {
			isa = PBXProject;
			attributes = {
				LastSwiftUpdateCheck = 0730;
				LastUpgradeCheck = 0730;
				ORGANIZATIONNAME = "Christian Borja";
				TargetAttributes = {
					AA083AE91DB569FD00077AF5 = {
						CreatedOnToolsVersion = 7.3.1;
					};
				};
			};
			buildConfigurationList = AA083AE51DB569FD00077AF5 /* Build configuration list for PBXProject "App3PruebaGit" */;
			compatibilityVersion = "Xcode 3.2";
			developmentRegion = English;
			hasScannedForEncodings = 0;
			knownRegions = (
				en,
				Base,
			);
			mainGroup = AA083AE11DB569FD00077AF5;
			productRefGroup = AA083AEB1DB569FD00077AF5 /* Products */;
			projectDirPath = "";
			projectRoot = "";
			targets = (
				AA083AE91DB569FD00077AF5 /* App3PruebaGit */,
			);
		};
/* End PBXProject section */

/* Begin PBXResourcesBuildPhase section */
		AA083AE81DB569FD00077AF5 /* Resources */ = {
			isa = PBXResourcesBuildPhase;
			buildActionMask = 2147483647;
			files = (
				AA083AF81DB569FD00077AF5 /* LaunchScreen.storyboard in Resources */,
				AA083AF51DB569FD00077AF5 /* Assets.xcassets in Resources */,
				AA083AF31DB569FD00077AF5 /* Main.storyboard in Resources */,
			);
			runOnlyForDeploymentPostprocessing = 0;
		};
/* End PBXResourcesBuildPhase section */

/* Begin PBXSourcesBuildPhase section */
		AA083AE61DB569FD00077AF5 /* Sources */ = {
			isa = PBXSourcesBuildPhase;
			buildActionMask = 2147483647;
			files = (
				AA083AF01DB569FD00077AF5 /* ViewController.swift in Sources */,
				AA083AEE1DB569FD00077AF5 /* AppDelegate.swift in Sources */,
			);
			runOnlyForDeploymentPostprocessing = 0;
		};
/* End PBXSourcesBuildPhase section */

/* Begin PBXVariantGroup section */
		AA083AF11DB569FD00077AF5 /* Main.storyboard */ = {
			isa = PBXVariantGroup;
			children = (
				AA083AF21DB569FD00077AF5 /* Base */,
			);
			name = Main.storyboard;
			sourceTree = "<group>";
		};
		AA083AF61DB569FD00077AF5 /* LaunchScreen.storyboard */ = {
			isa = PBXVariantGroup;
			children = (
				AA083AF71DB569FD00077AF5 /* Base */,
			);
			name = LaunchScreen.storyboard;
			sourceTree = "<group>";
		};
/* End PBXVariantGroup section */

/* Begin XCBuildConfiguration section */
		AA083AFA1DB569FD00077AF5 /* Debug */ = {
			isa = XCBuildConfiguration;
			buildSettings = {
				ALWAYS_SEARCH_USER_PATHS = NO;
				CLANG_ANALYZER_NONNULL = YES;
				CLANG_CXX_LANGUAGE_STANDARD = "gnu++0x";
				CLANG_CXX_LIBRARY = "libc++";
				CLANG_ENABLE_MODULES = YES;
				CLANG_ENABLE_OBJC_ARC = YES;
				CLANG_WARN_BOOL_CONVERSION = YES;
				CLANG_WARN_CONSTANT_CONVERSION = YES;
				CLANG_WARN_DIRECT_OBJC_ISA_USAGE = YES_ERROR;
				CLANG_WARN_EMPTY_BODY = YES;
				CLANG_WARN_ENUM_CONVERSION = YES;
				CLANG_WARN_INT_CONVERSION = YES;
				CLANG_WARN_OBJC_ROOT_CLASS = YES_ERROR;
				CLANG_WARN_UNREACHABLE_CODE = YES;
				CLANG_WARN__DUPLICATE_METHOD_MATCH = YES;
				"CODE_SIGN_IDENTITY[sdk=iphoneos*]" = "iPhone Developer";
				COPY_PHASE_STRIP = NO;
				DEBUG_INFORMATION_FORMAT = dwarf;
				ENABLE_STRICT_OBJC_MSGSEND = YES;
				ENABLE_TESTABILITY = YES;
				GCC_C_LANGUAGE_STANDARD = gnu99;
				GCC_DYNAMIC_NO_PIC = NO;
				GCC_NO_COMMON_BLOCKS = YES;
				GCC_OPTIMIZATION_LEVEL = 0;
				GCC_PREPROCESSOR_DEFINITIONS = (
					"DEBUG=1",
					"$(inherited)",
				);
				GCC_WARN_64_TO_32_BIT_CONVERSION = YES;
				GCC_WARN_ABOUT_RETURN_TYPE = YES_ERROR;
				GCC_WARN_UNDECLARED_SELECTOR = YES;
				GCC_WARN_UNINITIALIZED_AUTOS = YES_AGGRESSIVE;
				GCC_WARN_UNUSED_FUNCTION = YES;
				GCC_WARN_UNUSED_VARIABLE = YES;
				IPHONEOS_DEPLOYMENT_TARGET = 9.3;
				MTL_ENABLE_DEBUG_INFO = YES;
				ONLY_ACTIVE_ARCH = YES;
				SDKROOT = iphoneos;
				SWIFT_OPTIMIZATION_LEVEL = "-Onone";
				TARGETED_DEVICE_FAMILY = "1,2";
			};
			name = Debug;
		};
		AA083AFB1DB569FD00077AF5 /* Release */ = {
			isa = XCBuildConfiguration;
			buildSettings = {
				ALWAYS_SEARCH_USER_PATHS = NO;
				CLANG_ANALYZER_NONNULL = YES;
				CLANG_CXX_LANGUAGE_STANDARD = "gnu++0x";
				CLANG_CXX_LIBRARY = "libc++";
				CLANG_ENABLE_MODULES = YES;
				CLANG_ENABLE_OBJC_ARC = YES;
				CLANG_WARN_BOOL_CONVERSION = YES;
				CLANG_WARN_CONSTANT_CONVERSION = YES;
				CLANG_WARN_DIRECT_OBJC_ISA_USAGE = YES_ERROR;
				CLANG_WARN_EMPTY_BODY = YES;
				CLANG_WARN_ENUM_CONVERSION = YES;
				CLANG_WARN_INT_CONVERSION = YES;
				CLANG_WARN_OBJC_ROOT_CLASS = YES_ERROR;
				CLANG_WARN_UNREACHABLE_CODE = YES;
				CLANG_WARN__DUPLICATE_METHOD_MATCH = YES;
				"CODE_SIGN_IDENTITY[sdk=iphoneos*]" = "iPhone Developer";
				COPY_PHASE_STRIP = NO;
				DEBUG_INFORMATION_FORMAT = "dwarf-with-dsym";
				ENABLE_NS_ASSERTIONS = NO;
				ENABLE_STRICT_OBJC_MSGSEND = YES;
				GCC_C_LANGUAGE_STANDARD = gnu99;
				GCC_NO_COMMON_BLOCKS = YES;
				GCC_WARN_64_TO_32_BIT_CONVERSION = YES;
				GCC_WARN_ABOUT_RETURN_TYPE = YES_ERROR;
				GCC_WARN_UNDECLARED_SELECTOR = YES;
				GCC_WARN_UNINITIALIZED_AUTOS = YES_AGGRESSIVE;
				GCC_WARN_UNUSED_FUNCTION = YES;
				GCC_WARN_UNUSED_VARIABLE = YES;
				IPHONEOS_DEPLOYMENT_TARGET = 9.3;
				MTL_ENABLE_DEBUG_INFO = NO;
				SDKROOT = iphoneos;
				TARGETED_DEVICE_FAMILY = "1,2";
				VALIDATE_PRODUCT = YES;
			};
			name = Release;
		};
		AA083AFD1DB569FD00077AF5 /* Debug */ = {
			isa = XCBuildConfiguration;
			buildSettings = {
				ASSETCATALOG_COMPILER_APPICON_NAME = AppIcon;
				INFOPLIST_FILE = App3PruebaGit/Info.plist;
				LD_RUNPATH_SEARCH_PATHS = "$(inherited) @executable_path/Frameworks";
				PRODUCT_BUNDLE_IDENTIFIER = com.webkaika.App3PruebaGit;
				PRODUCT_NAME = "$(TARGET_NAME)";
			};
			name = Debug;
		};
		AA083AFE1DB569FD00077AF5 /* Release */ = {
			isa = XCBuildConfiguration;
			buildSettings = {
				ASSETCATALOG_COMPILER_APPICON_NAME = AppIcon;
				INFOPLIST_FILE = App3PruebaGit/Info.plist;
				LD_RUNPATH_SEARCH_PATHS = "$(inherited) @executable_path/Frameworks";
				PRODUCT_BUNDLE_IDENTIFIER = com.webkaika.App3PruebaGit;
				PRODUCT_NAME = "$(TARGET_NAME)";
			};
			name = Release;
		};
/* End XCBuildConfiguration section */

/* Begin XCConfigurationList section */
		AA083AE51DB569FD00077AF5 /* Build configuration list for PBXProject "App3PruebaGit" */ = {
			isa = XCConfigurationList;
			buildConfigurations = (
				AA083AFA1DB569FD00077AF5 /* Debug */,
				AA083AFB1DB569FD00077AF5 /* Release */,
			);
			defaultConfigurationIsVisible = 0;
			defaultConfigurationName = Release;
		};
		AA083AFC1DB569FD00077AF5 /* Build configuration list for PBXNativeTarget "App3PruebaGit" */ = {
			isa = XCConfigurationList;
			buildConfigurations = (
				AA083AFD1DB569FD00077AF5 /* Debug */,
				AA083AFE1DB569FD00077AF5 /* Release */,
			);
			defaultConfigurationIsVisible = 0;
		};
/* End XCConfigurationList section */
	};
	rootObject = AA083AE21DB569FD00077AF5 /* Project object */;
}
